{
  "name": "grasshopper-summation-tdd-ts",
  "version": "1.0.0",
  "lockfileVersion": 1,
  "requires": true,
  "dependencies": {
    "@types/jasmine": {
      "version": "3.3.0",
      "resolved": "https://registry.npmjs.org/@types/jasmine/-/jasmine-3.3.0.tgz",
      "integrity": "sha512-0VU8WsYEOYmoxVtUuafB66/+9G8gMdGAC3dhCE/CMpjXgNIz9fwC6g41kRlNxFgpQI/uX/aWNLArNg7KmeFYvw==",
      "dev": true
    },
    "@types/requirejs": {
      "version": "2.1.31",
      "resolved": "https://registry.npmjs.org/@types/requirejs/-/requirejs-2.1.31.tgz",
      "integrity": "sha512-b2soeyuU76rMbcRJ4e0hEl0tbMhFwZeTC0VZnfuWlfGlk6BwWNsev6kFu/twKABPX29wkX84wU2o+cEJoXsiTw==",
      "dev": true
    }
  }
}
